{
    "_readme": [
        "This file locks the dependencies of your project to a known state",
        "Read more about it at https://getcomposer.org/doc/01-basic-usage.md#installing-dependencies",
        "This file is @generated automatically"
    ],
    "content-hash": "4b801017d54c4ec48a5c3f97b6d4322a",
    "packages": [
        {
            "name": "nette/tester",
            "version": "v1.7.2",
            "source": {
                "type": "git",
                "url": "https://github.com/nette/tester.git",
                "reference": "c81e276f9809143312c5be51952b1316901b8403"
            },
            "dist": {
                "type": "zip",
                "url": "https://api.github.com/repos/nette/tester/zipball/c81e276f9809143312c5be51952b1316901b8403",
                "reference": "c81e276f9809143312c5be51952b1316901b8403",
                "shasum": ""
            },
            "require": {
                "php": ">=5.3.0"
            },
            "bin": [
                "src/tester"
            ],
            "type": "library",
            "extra": {
                "branch-alias": {
                    "dev-master": "1.7-dev"
                }
            },
            "autoload": {
                "classmap": [
                    "src/"
                ]
            },
            "notification-url": "https://packagist.org/downloads/",
            "license": [
                "BSD-3-Clause",
                "GPL-2.0",
                "GPL-3.0"
            ],
            "authors": [
                {
                    "name": "David Grudl",
                    "homepage": "https://davidgrudl.com"
                },
                {
                    "name": "Nette Community",
                    "homepage": "https://nette.org/contributors"
                }
            ],
            "description": "Nette Tester: enjoyable unit testing in PHP with code coverage reporter. 🍏🍏🍎🍏",
            "homepage": "https://tester.nette.org",
            "keywords": [
                "Xdebug",
                "assertions",
                "clover",
                "code coverage",
                "nette",
                "phpdbg",
                "phpunit",
                "testing",
                "unit"
            ],
            "time": "2018-06-01T09:33:19+00:00"
        },
        {
            "name": "niklasdao/niklasdao",
            "version": "v1.0.1",
            "source": {
                "type": "git",
                "url": "https://github.com/NiklasDerEchte/NiklasDAO.git",
                "reference": "dfa6f9de2f67149fe201ad9163b566d46312188c"
            },
            "dist": {
                "type": "zip",
                "url": "https://api.github.com/repos/NiklasDerEchte/NiklasDAO/zipball/dfa6f9de2f67149fe201ad9163b566d46312188c",
                "reference": "dfa6f9de2f67149fe201ad9163b566d46312188c",
                "shasum": ""
            },
            "require": {
                "ext-mysqli": "*",
                "nette/tester": "^1.7"
            },
            "type": "library",
            "autoload": {
                "psr-4": {
                    "Niklas\\Test\\": "test/",
                    "Niklas\\": "src/"
                }
            },
            "notification-url": "https://packagist.org/downloads/",
            "license": [
                "MIT"
            ],
            "authors": [
                {
                    "name": "niklas",
                    "email": "Niklas.Wockenfuss@continue.de"
                }
            ],
            "description": "Data access object",
            "time": "2017-08-10T10:11:58+00:00"
        }
    ],
    "packages-dev": [],
    "aliases": [],
    "minimum-stability": "stable",
    "stability-flags": [],
    "prefer-stable": false,
    "prefer-lowest": false,
    "platform": [],
    "platform-dev": []
}
